
Microsoft Visual Studio Solution File, Format Version 12.00
# Visual Studio Version 17
VisualStudioVersion = 17.8.34309.116
MinimumVisualStudioVersion = 10.0.40219.1
Project("{9A19103F-16F7-4668-BE54-9A1E7A4F7556}") = "NeurometaOncoAPI", "NeurometaOncoAPI.csproj", "{3796E451-73F9-4A30-A48B-3C221F810763}"
EndProject
Global
	GlobalSection(SolutionConfigurationPlatforms) = preSolution
		Debug|Any CPU = Debug|Any CPU
		Release|Any CPU = Release|Any CPU
	EndGlobalSection
	GlobalSection(ProjectConfigurationPlatforms) = postSolution
		{3796E451-73F9-4A30-A48B-3C221F810763}.Debug|Any CPU.ActiveCfg = Debug|Any CPU
		{3796E451-73F9-4A30-A48B-3C221F810763}.Debug|Any CPU.Build.0 = Debug|Any CPU
		{3796E451-73F9-4A30-A48B-3C221F810763}.Release|Any CPU.ActiveCfg = Release|Any CPU
		{3796E451-73F9-4A30-A48B-3C221F810763}.Release|Any CPU.Build.0 = Release|Any CPU
	EndGlobalSection
	GlobalSection(SolutionProperties) = preSolution
		HideSolutionNode = FALSE
	EndGlobalSection
	GlobalSection(ExtensibilityGlobals) = postSolution
		SolutionGuid = {BB7C7B03-A0FA-4C7E-8978-19BD46ACA00E}
	EndGlobalSection
EndGlobal
